// !$*UTF8*$!
{
	archiveVersion = 1;
	classes = {
	};
	objectVersion = 56;
	objects = {

/* Begin PBXBuildFile section */
		103C862F2961AD3400C30504 /* Extensions.swift in Sources */ = {isa = PBXBuildFile; fileRef = 103C862E2961AD3400C30504 /* Extensions.swift */; };
		103C86312961AF2000C30504 /* FeedView.swift in Sources */ = {isa = PBXBuildFile; fileRef = 103C86302961AF2000C30504 /* FeedView.swift */; };
		103C86332961B02200C30504 /* PostView.swift in Sources */ = {isa = PBXBuildFile; fileRef = 103C86322961B02200C30504 /* PostView.swift */; };
		104BF7372962F297009DB026 /* MessageView.swift in Sources */ = {isa = PBXBuildFile; fileRef = 104BF7362962F297009DB026 /* MessageView.swift */; };
		104BF7392962F3CB009DB026 /* CommentModel.swift in Sources */ = {isa = PBXBuildFile; fileRef = 104BF7382962F3CB009DB026 /* CommentModel.swift */; };
		104BF73B2962FB8B009DB026 /* BrowseView.swift in Sources */ = {isa = PBXBuildFile; fileRef = 104BF73A2962FB8B009DB026 /* BrowseView.swift */; };
		104BF73D2962FC32009DB026 /* CarouselView.swift in Sources */ = {isa = PBXBuildFile; fileRef = 104BF73C2962FC32009DB026 /* CarouselView.swift */; };
		105245BD2961944B0076D29C /* DogGramApp.swift in Sources */ = {isa = PBXBuildFile; fileRef = 105245BC2961944B0076D29C /* DogGramApp.swift */; };
		105245BF2961944B0076D29C /* ContentView.swift in Sources */ = {isa = PBXBuildFile; fileRef = 105245BE2961944B0076D29C /* ContentView.swift */; };
		105245C12961944C0076D29C /* Assets.xcassets in Resources */ = {isa = PBXBuildFile; fileRef = 105245C02961944C0076D29C /* Assets.xcassets */; };
		105245C42961944C0076D29C /* Preview Assets.xcassets in Resources */ = {isa = PBXBuildFile; fileRef = 105245C32961944C0076D29C /* Preview Assets.xcassets */; };
		105245CB296197550076D29C /* LaunchScreen.storyboard in Resources */ = {isa = PBXBuildFile; fileRef = 105245CA296197550076D29C /* LaunchScreen.storyboard */; };
		10524AEB296291E100607E6A /* PostModel.swift in Sources */ = {isa = PBXBuildFile; fileRef = 10524AEA296291E100607E6A /* PostModel.swift */; };
		10524AED296294BD00607E6A /* PostArrayObject.swift in Sources */ = {isa = PBXBuildFile; fileRef = 10524AEC296294BD00607E6A /* PostArrayObject.swift */; };
		10524AEF29629A8500607E6A /* CommentsView.swift in Sources */ = {isa = PBXBuildFile; fileRef = 10524AEE29629A8500607E6A /* CommentsView.swift */; };
/* End PBXBuildFile section */

/* Begin PBXFileReference section */
		103C862E2961AD3400C30504 /* Extensions.swift */ = {isa = PBXFileReference; lastKnownFileType = sourcecode.swift; path = Extensions.swift; sourceTree = "<group>"; };
		103C86302961AF2000C30504 /* FeedView.swift */ = {isa = PBXFileReference; lastKnownFileType = sourcecode.swift; path = FeedView.swift; sourceTree = "<group>"; };
		103C86322961B02200C30504 /* PostView.swift */ = {isa = PBXFileReference; lastKnownFileType = sourcecode.swift; path = PostView.swift; sourceTree = "<group>"; };
		104BF7362962F297009DB026 /* MessageView.swift */ = {isa = PBXFileReference; lastKnownFileType = sourcecode.swift; path = MessageView.swift; sourceTree = "<group>"; };
		104BF7382962F3CB009DB026 /* CommentModel.swift */ = {isa = PBXFileReference; lastKnownFileType = sourcecode.swift; path = CommentModel.swift; sourceTree = "<group>"; };
		104BF73A2962FB8B009DB026 /* BrowseView.swift */ = {isa = PBXFileReference; lastKnownFileType = sourcecode.swift; path = BrowseView.swift; sourceTree = "<group>"; };
		104BF73C2962FC32009DB026 /* CarouselView.swift */ = {isa = PBXFileReference; lastKnownFileType = sourcecode.swift; path = CarouselView.swift; sourceTree = "<group>"; };
		105245B92961944B0076D29C /* DogGramApp.app */ = {isa = PBXFileReference; explicitFileType = wrapper.application; includeInIndex = 0; path = DogGramApp.app; sourceTree = BUILT_PRODUCTS_DIR; };
		105245BC2961944B0076D29C /* DogGramApp.swift */ = {isa = PBXFileReference; lastKnownFileType = sourcecode.swift; path = DogGramApp.swift; sourceTree = "<group>"; };
		105245BE2961944B0076D29C /* ContentView.swift */ = {isa = PBXFileReference; lastKnownFileType = sourcecode.swift; path = ContentView.swift; sourceTree = "<group>"; };
		105245C02961944C0076D29C /* Assets.xcassets */ = {isa = PBXFileReference; lastKnownFileType = folder.assetcatalog; path = Assets.xcassets; sourceTree = "<group>"; };
		105245C32961944C0076D29C /* Preview Assets.xcassets */ = {isa = PBXFileReference; lastKnownFileType = folder.assetcatalog; path = "Preview Assets.xcassets"; sourceTree = "<group>"; };
		105245CA296197550076D29C /* LaunchScreen.storyboard */ = {isa = PBXFileReference; lastKnownFileType = file.storyboard; path = LaunchScreen.storyboard; sourceTree = "<group>"; };
		10524AEA296291E100607E6A /* PostModel.swift */ = {isa = PBXFileReference; lastKnownFileType = sourcecode.swift; path = PostModel.swift; sourceTree = "<group>"; };
		10524AEC296294BD00607E6A /* PostArrayObject.swift */ = {isa = PBXFileReference; lastKnownFileType = sourcecode.swift; path = PostArrayObject.swift; sourceTree = "<group>"; };
		10524AEE29629A8500607E6A /* CommentsView.swift */ = {isa = PBXFileReference; lastKnownFileType = sourcecode.swift; path = CommentsView.swift; sourceTree = "<group>"; };
/* End PBXFileReference section */

/* Begin PBXFrameworksBuildPhase section */
		105245B62961944B0076D29C /* Frameworks */ = {
			isa = PBXFrameworksBuildPhase;
			buildActionMask = 2147483647;
			files = (
			);
			runOnlyForDeploymentPostprocessing = 0;
		};
/* End PBXFrameworksBuildPhase section */

/* Begin PBXGroup section */
		103C862A2961AAE800C30504 /* Views */ = {
			isa = PBXGroup;
			children = (
				103C862B2961AAF400C30504 /* Screens */,
				103C862C2961AAFC00C30504 /* Subviews */,
			);
			path = Views;
			sourceTree = "<group>";
		};
		103C862B2961AAF400C30504 /* Screens */ = {
			isa = PBXGroup;
			children = (
				105245BE2961944B0076D29C /* ContentView.swift */,
				103C86302961AF2000C30504 /* FeedView.swift */,
				10524AEE29629A8500607E6A /* CommentsView.swift */,
				104BF73A2962FB8B009DB026 /* BrowseView.swift */,
			);
			path = Screens;
			sourceTree = "<group>";
		};
		103C862C2961AAFC00C30504 /* Subviews */ = {
			isa = PBXGroup;
			children = (
				103C86322961B02200C30504 /* PostView.swift */,
				104BF7362962F297009DB026 /* MessageView.swift */,
				104BF73C2962FC32009DB026 /* CarouselView.swift */,
			);
			path = Subviews;
			sourceTree = "<group>";
		};
		103C862D2961AD2100C30504 /* Helpers */ = {
			isa = PBXGroup;
			children = (
				103C862E2961AD3400C30504 /* Extensions.swift */,
			);
			path = Helpers;
			sourceTree = "<group>";
		};
		105245B02961944B0076D29C = {
			isa = PBXGroup;
			children = (
				105245BB2961944B0076D29C /* DogGramApp */,
				105245BA2961944B0076D29C /* Products */,
			);
			sourceTree = "<group>";
		};
		105245BA2961944B0076D29C /* Products */ = {
			isa = PBXGroup;
			children = (
				105245B92961944B0076D29C /* DogGramApp.app */,
			);
			name = Products;
			sourceTree = "<group>";
		};
		105245BB2961944B0076D29C /* DogGramApp */ = {
			isa = PBXGroup;
			children = (
				105245BC2961944B0076D29C /* DogGramApp.swift */,
				10524AE9296291CA00607E6A /* Models */,
				103C862A2961AAE800C30504 /* Views */,
				103C862D2961AD2100C30504 /* Helpers */,
				105245C02961944C0076D29C /* Assets.xcassets */,
				105245C22961944C0076D29C /* Preview Content */,
				105245CA296197550076D29C /* LaunchScreen.storyboard */,
			);
			path = DogGramApp;
			sourceTree = "<group>";
		};
		105245C22961944C0076D29C /* Preview Content */ = {
			isa = PBXGroup;
			children = (
				105245C32961944C0076D29C /* Preview Assets.xcassets */,
			);
			path = "Preview Content";
			sourceTree = "<group>";
		};
		10524AE9296291CA00607E6A /* Models */ = {
			isa = PBXGroup;
			children = (
				10524AEA296291E100607E6A /* PostModel.swift */,
				104BF7382962F3CB009DB026 /* CommentModel.swift */,
				10524AEC296294BD00607E6A /* PostArrayObject.swift */,
			);
			path = Models;
			sourceTree = "<group>";
		};
/* End PBXGroup section */

/* Begin PBXNativeTarget section */
		105245B82961944B0076D29C /* DogGramApp */ = {
			isa = PBXNativeTarget;
			buildConfigurationList = 105245C72961944C0076D29C /* Build configuration list for PBXNativeTarget "DogGramApp" */;
			buildPhases = (
				105245B52961944B0076D29C /* Sources */,
				105245B62961944B0076D29C /* Frameworks */,
				105245B72961944B0076D29C /* Resources */,
			);
			buildRules = (
			);
			dependencies = (
			);
			name = DogGramApp;
			productName = DogGramApp;
			productReference = 105245B92961944B0076D29C /* DogGramApp.app */;
			productType = "com.apple.product-type.application";
		};
/* End PBXNativeTarget section */

/* Begin PBXProject section */
		105245B12961944B0076D29C /* Project object */ = {
			isa = PBXProject;
			attributes = {
				BuildIndependentTargetsInParallel = 1;
				LastSwiftUpdateCheck = 1420;
				LastUpgradeCheck = 1420;
				TargetAttributes = {
					105245B82961944B0076D29C = {
						CreatedOnToolsVersion = 14.2;
					};
				};
			};
			buildConfigurationList = 105245B42961944B0076D29C /* Build configuration list for PBXProject "DogGramApp" */;
			compatibilityVersion = "Xcode 14.0";
			developmentRegion = en;
			hasScannedForEncodings = 0;
			knownRegions = (
				en,
				Base,
			);
			mainGroup = 105245B02961944B0076D29C;
			productRefGroup = 105245BA2961944B0076D29C /* Products */;
			projectDirPath = "";
			projectRoot = "";
			targets = (
				105245B82961944B0076D29C /* DogGramApp */,
			);
		};
/* End PBXProject section */

/* Begin PBXResourcesBuildPhase section */
		105245B72961944B0076D29C /* Resources */ = {
			isa = PBXResourcesBuildPhase;
			buildActionMask = 2147483647;
			files = (
				105245CB296197550076D29C /* LaunchScreen.storyboard in Resources */,
				105245C42961944C0076D29C /* Preview Assets.xcassets in Resources */,
				105245C12961944C0076D29C /* Assets.xcassets in Resources */,
			);
			runOnlyForDeploymentPostprocessing = 0;
		};
/* End PBXResourcesBuildPhase section */

/* Begin PBXSourcesBuildPhase section */
		105245B52961944B0076D29C /* Sources */ = {
			isa = PBXSourcesBuildPhase;
			buildActionMask = 2147483647;
			files = (
				103C86312961AF2000C30504 /* FeedView.swift in Sources */,
				10524AEB296291E100607E6A /* PostModel.swift in Sources */,
				105245BF2961944B0076D29C /* ContentView.swift in Sources */,
				104BF7372962F297009DB026 /* MessageView.swift in Sources */,
				103C862F2961AD3400C30504 /* Extensions.swift in Sources */,
				10524AED296294BD00607E6A /* PostArrayObject.swift in Sources */,
				103C86332961B02200C30504 /* PostView.swift in Sources */,
				104BF73B2962FB8B009DB026 /* BrowseView.swift in Sources */,
				104BF7392962F3CB009DB026 /* CommentModel.swift in Sources */,
				10524AEF29629A8500607E6A /* CommentsView.swift in Sources */,
				104BF73D2962FC32009DB026 /* CarouselView.swift in Sources */,
				105245BD2961944B0076D29C /* DogGramApp.swift in Sources */,
			);
			runOnlyForDeploymentPostprocessing = 0;
		};
/* End PBXSourcesBuildPhase section */

/* Begin XCBuildConfiguration section */
		105245C52961944C0076D29C /* Debug */ = {
			isa = XCBuildConfiguration;
			buildSettings = {
				ALWAYS_SEARCH_USER_PATHS = NO;
				CLANG_ANALYZER_NONNULL = YES;
				CLANG_ANALYZER_NUMBER_OBJECT_CONVERSION = YES_AGGRESSIVE;
				CLANG_CXX_LANGUAGE_STANDARD = "gnu++20";
				CLANG_ENABLE_MODULES = YES;
				CLANG_ENABLE_OBJC_ARC = YES;
				CLANG_ENABLE_OBJC_WEAK = YES;
				CLANG_WARN_BLOCK_CAPTURE_AUTORELEASING = YES;
				CLANG_WARN_BOOL_CONVERSION = YES;
				CLANG_WARN_COMMA = YES;
				CLANG_WARN_CONSTANT_CONVERSION = YES;
				CLANG_WARN_DEPRECATED_OBJC_IMPLEMENTATIONS = YES;
				CLANG_WARN_DIRECT_OBJC_ISA_USAGE = YES_ERROR;
				CLANG_WARN_DOCUMENTATION_COMMENTS = YES;
				CLANG_WARN_EMPTY_BODY = YES;
				CLANG_WARN_ENUM_CONVERSION = YES;
				CLANG_WARN_INFINITE_RECURSION = YES;
				CLANG_WARN_INT_CONVERSION = YES;
				CLANG_WARN_NON_LITERAL_NULL_CONVERSION = YES;
				CLANG_WARN_OBJC_IMPLICIT_RETAIN_SELF = YES;
				CLANG_WARN_OBJC_LITERAL_CONVERSION = YES;
				CLANG_WARN_OBJC_ROOT_CLASS = YES_ERROR;
				CLANG_WARN_QUOTED_INCLUDE_IN_FRAMEWORK_HEADER = YES;
				CLANG_WARN_RANGE_LOOP_ANALYSIS = YES;
				CLANG_WARN_STRICT_PROTOTYPES = YES;
				CLANG_WARN_SUSPICIOUS_MOVE = YES;
				CLANG_WARN_UNGUARDED_AVAILABILITY = YES_AGGRESSIVE;
				CLANG_WARN_UNREACHABLE_CODE = YES;
				CLANG_WARN__DUPLICATE_METHOD_MATCH = YES;
				COPY_PHASE_STRIP = NO;
				DEBUG_INFORMATION_FORMAT = dwarf;
				ENABLE_STRICT_OBJC_MSGSEND = YES;
				ENABLE_TESTABILITY = YES;
				GCC_C_LANGUAGE_STANDARD = gnu11;
				GCC_DYNAMIC_NO_PIC = NO;
				GCC_NO_COMMON_BLOCKS = YES;
				GCC_OPTIMIZATION_LEVEL = 0;
				GCC_PREPROCESSOR_DEFINITIONS = (
					"DEBUG=1",
					"$(inherited)",
				);
				GCC_WARN_64_TO_32_BIT_CONVERSION = YES;
				GCC_WARN_ABOUT_RETURN_TYPE = YES_ERROR;
				GCC_WARN_UNDECLARED_SELECTOR = YES;
				GCC_WARN_UNINITIALIZED_AUTOS = YES_AGGRESSIVE;
				GCC_WARN_UNUSED_FUNCTION = YES;
				GCC_WARN_UNUSED_VARIABLE = YES;
				IPHONEOS_DEPLOYMENT_TARGET = 16.2;
				MTL_ENABLE_DEBUG_INFO = INCLUDE_SOURCE;
				MTL_FAST_MATH = YES;
				ONLY_ACTIVE_ARCH = YES;
				SDKROOT = iphoneos;
				SWIFT_ACTIVE_COMPILATION_CONDITIONS = DEBUG;
				SWIFT_OPTIMIZATION_LEVEL = "-Onone";
			};
			name = Debug;
		};
		105245C62961944C0076D29C /* Release */ = {
			isa = XCBuildConfiguration;
			buildSettings = {
				ALWAYS_SEARCH_USER_PATHS = NO;
				CLANG_ANALYZER_NONNULL = YES;
				CLANG_ANALYZER_NUMBER_OBJECT_CONVERSION = YES_AGGRESSIVE;
				CLANG_CXX_LANGUAGE_STANDARD = "gnu++20";
				CLANG_ENABLE_MODULES = YES;
				CLANG_ENABLE_OBJC_ARC = YES;
				CLANG_ENABLE_OBJC_WEAK = YES;
				CLANG_WARN_BLOCK_CAPTURE_AUTORELEASING = YES;
				CLANG_WARN_BOOL_CONVERSION = YES;
				CLANG_WARN_COMMA = YES;
				CLANG_WARN_CONSTANT_CONVERSION = YES;
				CLANG_WARN_DEPRECATED_OBJC_IMPLEMENTATIONS = YES;
				CLANG_WARN_DIRECT_OBJC_ISA_USAGE = YES_ERROR;
				CLANG_WARN_DOCUMENTATION_COMMENTS = YES;
				CLANG_WARN_EMPTY_BODY = YES;
				CLANG_WARN_ENUM_CONVERSION = YES;
				CLANG_WARN_INFINITE_RECURSION = YES;
				CLANG_WARN_INT_CONVERSION = YES;
				CLANG_WARN_NON_LITERAL_NULL_CONVERSION = YES;
				CLANG_WARN_OBJC_IMPLICIT_RETAIN_SELF = YES;
				CLANG_WARN_OBJC_LITERAL_CONVERSION = YES;
				CLANG_WARN_OBJC_ROOT_CLASS = YES_ERROR;
				CLANG_WARN_QUOTED_INCLUDE_IN_FRAMEWORK_HEADER = YES;
				CLANG_WARN_RANGE_LOOP_ANALYSIS = YES;
				CLANG_WARN_STRICT_PROTOTYPES = YES;
				CLANG_WARN_SUSPICIOUS_MOVE = YES;
				CLANG_WARN_UNGUARDED_AVAILABILITY = YES_AGGRESSIVE;
				CLANG_WARN_UNREACHABLE_CODE = YES;
				CLANG_WARN__DUPLICATE_METHOD_MATCH = YES;
				COPY_PHASE_STRIP = NO;
				DEBUG_INFORMATION_FORMAT = "dwarf-with-dsym";
				ENABLE_NS_ASSERTIONS = NO;
				ENABLE_STRICT_OBJC_MSGSEND = YES;
				GCC_C_LANGUAGE_STANDARD = gnu11;
				GCC_NO_COMMON_BLOCKS = YES;
				GCC_WARN_64_TO_32_BIT_CONVERSION = YES;
				GCC_WARN_ABOUT_RETURN_TYPE = YES_ERROR;
				GCC_WARN_UNDECLARED_SELECTOR = YES;
				GCC_WARN_UNINITIALIZED_AUTOS = YES_AGGRESSIVE;
				GCC_WARN_UNUSED_FUNCTION = YES;
				GCC_WARN_UNUSED_VARIABLE = YES;
				IPHONEOS_DEPLOYMENT_TARGET = 16.2;
				MTL_ENABLE_DEBUG_INFO = NO;
				MTL_FAST_MATH = YES;
				SDKROOT = iphoneos;
				SWIFT_COMPILATION_MODE = wholemodule;
				SWIFT_OPTIMIZATION_LEVEL = "-O";
				VALIDATE_PRODUCT = YES;
			};
			name = Release;
		};
		105245C82961944C0076D29C /* Debug */ = {
			isa = XCBuildConfiguration;
			buildSettings = {
				ASSETCATALOG_COMPILER_APPICON_NAME = AppIcon;
				ASSETCATALOG_COMPILER_GLOBAL_ACCENT_COLOR_NAME = AccentColor;
				CODE_SIGN_STYLE = Automatic;
				CURRENT_PROJECT_VERSION = 1;
				DEVELOPMENT_ASSET_PATHS = "\"DogGramApp/Preview Content\"";
				DEVELOPMENT_TEAM = QGLMKQL94J;
				ENABLE_PREVIEWS = YES;
				GENERATE_INFOPLIST_FILE = YES;
				INFOPLIST_KEY_UIApplicationSceneManifest_Generation = YES;
				INFOPLIST_KEY_UIApplicationSupportsIndirectInputEvents = YES;
				INFOPLIST_KEY_UILaunchScreen_Generation = YES;
				INFOPLIST_KEY_UILaunchStoryboardName = LaunchScreen.storyboard;
				INFOPLIST_KEY_UISupportedInterfaceOrientations_iPad = "UIInterfaceOrientationPortrait UIInterfaceOrientationPortraitUpsideDown UIInterfaceOrientationLandscapeLeft UIInterfaceOrientationLandscapeRight";
				INFOPLIST_KEY_UISupportedInterfaceOrientations_iPhone = "UIInterfaceOrientationPortrait UIInterfaceOrientationLandscapeLeft UIInterfaceOrientationLandscapeRight";
				IPHONEOS_DEPLOYMENT_TARGET = 14.0;
				LD_RUNPATH_SEARCH_PATHS = (
					"$(inherited)",
					"@executable_path/Frameworks",
				);
				MARKETING_VERSION = 1.0;
				PRODUCT_BUNDLE_IDENTIFIER = com.myapps.DogGramApp;
				PRODUCT_NAME = "$(TARGET_NAME)";
				SWIFT_EMIT_LOC_STRINGS = YES;
				SWIFT_VERSION = 5.0;
				TARGETED_DEVICE_FAMILY = "1,2";
			};
			name = Debug;
		};
		105245C92961944C0076D29C /* Release */ = {
			isa = XCBuildConfiguration;
			buildSettings = {
				ASSETCATALOG_COMPILER_APPICON_NAME = AppIcon;
				ASSETCATALOG_COMPILER_GLOBAL_ACCENT_COLOR_NAME = AccentColor;
				CODE_SIGN_STYLE = Automatic;
				CURRENT_PROJECT_VERSION = 1;
				DEVELOPMENT_ASSET_PATHS = "\"DogGramApp/Preview Content\"";
				DEVELOPMENT_TEAM = QGLMKQL94J;
				ENABLE_PREVIEWS = YES;
				GENERATE_INFOPLIST_FILE = YES;
				INFOPLIST_KEY_UIApplicationSceneManifest_Generation = YES;
				INFOPLIST_KEY_UIApplicationSupportsIndirectInputEvents = YES;
				INFOPLIST_KEY_UILaunchScreen_Generation = YES;
				INFOPLIST_KEY_UILaunchStoryboardName = LaunchScreen.storyboard;
				INFOPLIST_KEY_UISupportedInterfaceOrientations_iPad = "UIInterfaceOrientationPortrait UIInterfaceOrientationPortraitUpsideDown UIInterfaceOrientationLandscapeLeft UIInterfaceOrientationLandscapeRight";
				INFOPLIST_KEY_UISupportedInterfaceOrientations_iPhone = "UIInterfaceOrientationPortrait UIInterfaceOrientationLandscapeLeft UIInterfaceOrientationLandscapeRight";
				IPHONEOS_DEPLOYMENT_TARGET = 14.0;
				LD_RUNPATH_SEARCH_PATHS = (
					"$(inherited)",
					"@executable_path/Frameworks",
				);
				MARKETING_VERSION = 1.0;
				PRODUCT_BUNDLE_IDENTIFIER = com.myapps.DogGramApp;
				PRODUCT_NAME = "$(TARGET_NAME)";
				SWIFT_EMIT_LOC_STRINGS = YES;
				SWIFT_VERSION = 5.0;
				TARGETED_DEVICE_FAMILY = "1,2";
			};
			name = Release;
		};
/* End XCBuildConfiguration section */

/* Begin XCConfigurationList section */
		105245B42961944B0076D29C /* Build configuration list for PBXProject "DogGramApp" */ = {
			isa = XCConfigurationList;
			buildConfigurations = (
				105245C52961944C0076D29C /* Debug */,
				105245C62961944C0076D29C /* Release */,
			);
			defaultConfigurationIsVisible = 0;
			defaultConfigurationName = Release;
		};
		105245C72961944C0076D29C /* Build configuration list for PBXNativeTarget "DogGramApp" */ = {
			isa = XCConfigurationList;
			buildConfigurations = (
				105245C82961944C0076D29C /* Debug */,
				105245C92961944C0076D29C /* Release */,
			);
			defaultConfigurationIsVisible = 0;
			defaultConfigurationName = Release;
		};
/* End XCConfigurationList section */
	};
	rootObject = 105245B12961944B0076D29C /* Project object */;
}
